// !$*UTF8*$!
{
	archiveVersion = 1;
	classes = {
	};
	objectVersion = 50;
	objects = {

/* Begin PBXBuildFile section */
		5305C5002091E68700327E8E /* RecentSearchTableVC.swift in Sources */ = {isa = PBXBuildFile; fileRef = 5305C4FF2091E68700327E8E /* RecentSearchTableVC.swift */; };
		5305E5872094A17200B6C1E6 /* MovieListTableCellViewModel.swift in Sources */ = {isa = PBXBuildFile; fileRef = 5305E5862094A17200B6C1E6 /* MovieListTableCellViewModel.swift */; };
		5347988520905F14004F1F43 /* AppDelegate.swift in Sources */ = {isa = PBXBuildFile; fileRef = 5347988420905F14004F1F43 /* AppDelegate.swift */; };
		5347988A20905F14004F1F43 /* Main.storyboard in Resources */ = {isa = PBXBuildFile; fileRef = 5347988820905F14004F1F43 /* Main.storyboard */; };
		5347988F20905F16004F1F43 /* Assets.xcassets in Resources */ = {isa = PBXBuildFile; fileRef = 5347988E20905F16004F1F43 /* Assets.xcassets */; };
		5347989220905F16004F1F43 /* LaunchScreen.storyboard in Resources */ = {isa = PBXBuildFile; fileRef = 5347989020905F16004F1F43 /* LaunchScreen.storyboard */; };
		5347989D20905F16004F1F43 /* MovieTests.swift in Sources */ = {isa = PBXBuildFile; fileRef = 5347989C20905F16004F1F43 /* MovieTests.swift */; };
		53F1A67A20906BD700E1E46D /* MovieListTableVC.swift in Sources */ = {isa = PBXBuildFile; fileRef = 53F1A67920906BD700E1E46D /* MovieListTableVC.swift */; };
		53F1A67C20906BF100E1E46D /* MovieListTableViewCell.swift in Sources */ = {isa = PBXBuildFile; fileRef = 53F1A67B20906BF100E1E46D /* MovieListTableViewCell.swift */; };
		53F1A67E20906D7900E1E46D /* MovieListViewModel.swift in Sources */ = {isa = PBXBuildFile; fileRef = 53F1A67D20906D7900E1E46D /* MovieListViewModel.swift */; };
		53F1A68020906F8F00E1E46D /* NetworkEngine.swift in Sources */ = {isa = PBXBuildFile; fileRef = 53F1A67F20906F8F00E1E46D /* NetworkEngine.swift */; };
		53F1A682209096EC00E1E46D /* ResultModel.swift in Sources */ = {isa = PBXBuildFile; fileRef = 53F1A681209096EC00E1E46D /* ResultModel.swift */; };
		53F1A6842090976D00E1E46D /* SearchViewController.swift in Sources */ = {isa = PBXBuildFile; fileRef = 53F1A6832090976D00E1E46D /* SearchViewController.swift */; };
		B93E1FF10E71931694B23F88 /* Pods_Movie.framework in Frameworks */ = {isa = PBXBuildFile; fileRef = 1ED4F5BD2E463C7C88D01E46 /* Pods_Movie.framework */; };
		F3A1D0A4355A5748B4C5854D /* Pods_MovieTests.framework in Frameworks */ = {isa = PBXBuildFile; fileRef = 8B15A81D0B0C02A1F40D9EED /* Pods_MovieTests.framework */; };
/* End PBXBuildFile section */

/* Begin PBXContainerItemProxy section */
		5347989920905F16004F1F43 /* PBXContainerItemProxy */ = {
			isa = PBXContainerItemProxy;
			containerPortal = 5347987920905F14004F1F43 /* Project object */;
			proxyType = 1;
			remoteGlobalIDString = 5347988020905F14004F1F43;
			remoteInfo = Movie;
		};
/* End PBXContainerItemProxy section */

/* Begin PBXFileReference section */
		1ED4F5BD2E463C7C88D01E46 /* Pods_Movie.framework */ = {isa = PBXFileReference; explicitFileType = wrapper.framework; includeInIndex = 0; path = Pods_Movie.framework; sourceTree = BUILT_PRODUCTS_DIR; };
		5305C4FF2091E68700327E8E /* RecentSearchTableVC.swift */ = {isa = PBXFileReference; lastKnownFileType = sourcecode.swift; path = RecentSearchTableVC.swift; sourceTree = "<group>"; };
		5305E5862094A17200B6C1E6 /* MovieListTableCellViewModel.swift */ = {isa = PBXFileReference; fileEncoding = 4; lastKnownFileType = sourcecode.swift; path = MovieListTableCellViewModel.swift; sourceTree = "<group>"; };
		5347988120905F14004F1F43 /* Movie.app */ = {isa = PBXFileReference; explicitFileType = wrapper.application; includeInIndex = 0; path = Movie.app; sourceTree = BUILT_PRODUCTS_DIR; };
		5347988420905F14004F1F43 /* AppDelegate.swift */ = {isa = PBXFileReference; lastKnownFileType = sourcecode.swift; path = AppDelegate.swift; sourceTree = "<group>"; };
		5347988920905F14004F1F43 /* Base */ = {isa = PBXFileReference; lastKnownFileType = file.storyboard; name = Base; path = Base.lproj/Main.storyboard; sourceTree = "<group>"; };
		5347988E20905F16004F1F43 /* Assets.xcassets */ = {isa = PBXFileReference; lastKnownFileType = folder.assetcatalog; path = Assets.xcassets; sourceTree = "<group>"; };
		5347989120905F16004F1F43 /* Base */ = {isa = PBXFileReference; lastKnownFileType = file.storyboard; name = Base; path = Base.lproj/LaunchScreen.storyboard; sourceTree = "<group>"; };
		5347989320905F16004F1F43 /* Info.plist */ = {isa = PBXFileReference; lastKnownFileType = text.plist.xml; path = Info.plist; sourceTree = "<group>"; };
		5347989820905F16004F1F43 /* MovieTests.xctest */ = {isa = PBXFileReference; explicitFileType = wrapper.cfbundle; includeInIndex = 0; path = MovieTests.xctest; sourceTree = BUILT_PRODUCTS_DIR; };
		5347989C20905F16004F1F43 /* MovieTests.swift */ = {isa = PBXFileReference; lastKnownFileType = sourcecode.swift; path = MovieTests.swift; sourceTree = "<group>"; };
		5347989E20905F16004F1F43 /* Info.plist */ = {isa = PBXFileReference; lastKnownFileType = text.plist.xml; path = Info.plist; sourceTree = "<group>"; };
		53F1A67920906BD700E1E46D /* MovieListTableVC.swift */ = {isa = PBXFileReference; lastKnownFileType = sourcecode.swift; path = MovieListTableVC.swift; sourceTree = "<group>"; };
		53F1A67B20906BF100E1E46D /* MovieListTableViewCell.swift */ = {isa = PBXFileReference; lastKnownFileType = sourcecode.swift; path = MovieListTableViewCell.swift; sourceTree = "<group>"; };
		53F1A67D20906D7900E1E46D /* MovieListViewModel.swift */ = {isa = PBXFileReference; lastKnownFileType = sourcecode.swift; path = MovieListViewModel.swift; sourceTree = "<group>"; };
		53F1A67F20906F8F00E1E46D /* NetworkEngine.swift */ = {isa = PBXFileReference; lastKnownFileType = sourcecode.swift; path = NetworkEngine.swift; sourceTree = "<group>"; };
		53F1A681209096EC00E1E46D /* ResultModel.swift */ = {isa = PBXFileReference; lastKnownFileType = sourcecode.swift; path = ResultModel.swift; sourceTree = "<group>"; };
		53F1A6832090976D00E1E46D /* SearchViewController.swift */ = {isa = PBXFileReference; fileEncoding = 4; lastKnownFileType = sourcecode.swift; path = SearchViewController.swift; sourceTree = "<group>"; };
		6FEAF7380F3BFAD6B3AC614D /* Pods-Movie.release.xcconfig */ = {isa = PBXFileReference; includeInIndex = 1; lastKnownFileType = text.xcconfig; name = "Pods-Movie.release.xcconfig"; path = "Pods/Target Support Files/Pods-Movie/Pods-Movie.release.xcconfig"; sourceTree = "<group>"; };
		84B04A49E6ED7A76E11A4CBF /* Pods-MovieTests.debug.xcconfig */ = {isa = PBXFileReference; includeInIndex = 1; lastKnownFileType = text.xcconfig; name = "Pods-MovieTests.debug.xcconfig"; path = "Pods/Target Support Files/Pods-MovieTests/Pods-MovieTests.debug.xcconfig"; sourceTree = "<group>"; };
		8B15A81D0B0C02A1F40D9EED /* Pods_MovieTests.framework */ = {isa = PBXFileReference; explicitFileType = wrapper.framework; includeInIndex = 0; path = Pods_MovieTests.framework; sourceTree = BUILT_PRODUCTS_DIR; };
		C9666AFBD84F066402C43774 /* Pods-Movie.debug.xcconfig */ = {isa = PBXFileReference; includeInIndex = 1; lastKnownFileType = text.xcconfig; name = "Pods-Movie.debug.xcconfig"; path = "Pods/Target Support Files/Pods-Movie/Pods-Movie.debug.xcconfig"; sourceTree = "<group>"; };
		D32875DB744C4A6C1EB47A5C /* Pods-MovieTests.release.xcconfig */ = {isa = PBXFileReference; includeInIndex = 1; lastKnownFileType = text.xcconfig; name = "Pods-MovieTests.release.xcconfig"; path = "Pods/Target Support Files/Pods-MovieTests/Pods-MovieTests.release.xcconfig"; sourceTree = "<group>"; };
/* End PBXFileReference section */

/* Begin PBXFrameworksBuildPhase section */
		5347987E20905F14004F1F43 /* Frameworks */ = {
			isa = PBXFrameworksBuildPhase;
			buildActionMask = 2147483647;
			files = (
				B93E1FF10E71931694B23F88 /* Pods_Movie.framework in Frameworks */,
			);
			runOnlyForDeploymentPostprocessing = 0;
		};
		5347989520905F16004F1F43 /* Frameworks */ = {
			isa = PBXFrameworksBuildPhase;
			buildActionMask = 2147483647;
			files = (
				F3A1D0A4355A5748B4C5854D /* Pods_MovieTests.framework in Frameworks */,
			);
			runOnlyForDeploymentPostprocessing = 0;
		};
/* End PBXFrameworksBuildPhase section */

/* Begin PBXGroup section */
		5347987820905F14004F1F43 = {
			isa = PBXGroup;
			children = (
				5347988320905F14004F1F43 /* Movie */,
				5347989B20905F16004F1F43 /* MovieTests */,
				5347988220905F14004F1F43 /* Products */,
				CBA30E8D764B03893BABC98B /* Pods */,
				70D223C0BDCA31C51C3E47AF /* Frameworks */,
			);
			sourceTree = "<group>";
		};
		5347988220905F14004F1F43 /* Products */ = {
			isa = PBXGroup;
			children = (
				5347988120905F14004F1F43 /* Movie.app */,
				5347989820905F16004F1F43 /* MovieTests.xctest */,
			);
			name = Products;
			sourceTree = "<group>";
		};
		5347988320905F14004F1F43 /* Movie */ = {
			isa = PBXGroup;
			children = (
				5347988420905F14004F1F43 /* AppDelegate.swift */,
				53F1A6832090976D00E1E46D /* SearchViewController.swift */,
				5305C4FF2091E68700327E8E /* RecentSearchTableVC.swift */,
				53F1A67D20906D7900E1E46D /* MovieListViewModel.swift */,
				53F1A67920906BD700E1E46D /* MovieListTableVC.swift */,
				5305E5862094A17200B6C1E6 /* MovieListTableCellViewModel.swift */,
				53F1A67B20906BF100E1E46D /* MovieListTableViewCell.swift */,
				53F1A67F20906F8F00E1E46D /* NetworkEngine.swift */,
				53F1A681209096EC00E1E46D /* ResultModel.swift */,
				5347988820905F14004F1F43 /* Main.storyboard */,
				5347988E20905F16004F1F43 /* Assets.xcassets */,
				5347989020905F16004F1F43 /* LaunchScreen.storyboard */,
				5347989320905F16004F1F43 /* Info.plist */,
			);
			path = Movie;
			sourceTree = "<group>";
		};
		5347989B20905F16004F1F43 /* MovieTests */ = {
			isa = PBXGroup;
			children = (
				5347989C20905F16004F1F43 /* MovieTests.swift */,
				5347989E20905F16004F1F43 /* Info.plist */,
			);
			path = MovieTests;
			sourceTree = "<group>";
		};
		70D223C0BDCA31C51C3E47AF /* Frameworks */ = {
			isa = PBXGroup;
			children = (
				1ED4F5BD2E463C7C88D01E46 /* Pods_Movie.framework */,
				8B15A81D0B0C02A1F40D9EED /* Pods_MovieTests.framework */,
			);
			name = Frameworks;
			sourceTree = "<group>";
		};
		CBA30E8D764B03893BABC98B /* Pods */ = {
			isa = PBXGroup;
			children = (
				C9666AFBD84F066402C43774 /* Pods-Movie.debug.xcconfig */,
				6FEAF7380F3BFAD6B3AC614D /* Pods-Movie.release.xcconfig */,
				84B04A49E6ED7A76E11A4CBF /* Pods-MovieTests.debug.xcconfig */,
				D32875DB744C4A6C1EB47A5C /* Pods-MovieTests.release.xcconfig */,
			);
			name = Pods;
			sourceTree = "<group>";
		};
/* End PBXGroup section */

/* Begin PBXNativeTarget section */
		5347988020905F14004F1F43 /* Movie */ = {
			isa = PBXNativeTarget;
			buildConfigurationList = 534798A120905F16004F1F43 /* Build configuration list for PBXNativeTarget "Movie" */;
			buildPhases = (
				6E0A3B38E003F4C8922194E5 /* [CP] Check Pods Manifest.lock */,
				5347987D20905F14004F1F43 /* Sources */,
				5347987E20905F14004F1F43 /* Frameworks */,
				5347987F20905F14004F1F43 /* Resources */,
			);
			buildRules = (
			);
			dependencies = (
			);
			name = Movie;
			productName = Movie;
			productReference = 5347988120905F14004F1F43 /* Movie.app */;
			productType = "com.apple.product-type.application";
		};
		5347989720905F16004F1F43 /* MovieTests */ = {
			isa = PBXNativeTarget;
			buildConfigurationList = 534798A420905F16004F1F43 /* Build configuration list for PBXNativeTarget "MovieTests" */;
			buildPhases = (
				1B18015261E576A6E1C3C433 /* [CP] Check Pods Manifest.lock */,
				5347989420905F16004F1F43 /* Sources */,
				5347989520905F16004F1F43 /* Frameworks */,
				5347989620905F16004F1F43 /* Resources */,
				2ECBB321121DA0A4823E0EF4 /* [CP] Embed Pods Frameworks */,
			);
			buildRules = (
			);
			dependencies = (
				5347989A20905F16004F1F43 /* PBXTargetDependency */,
			);
			name = MovieTests;
			productName = MovieTests;
			productReference = 5347989820905F16004F1F43 /* MovieTests.xctest */;
			productType = "com.apple.product-type.bundle.unit-test";
		};
/* End PBXNativeTarget section */

/* Begin PBXProject section */
		5347987920905F14004F1F43 /* Project object */ = {
			isa = PBXProject;
			attributes = {
				LastSwiftUpdateCheck = 0930;
				LastUpgradeCheck = 0930;
				ORGANIZATIONNAME = Navneet;
				TargetAttributes = {
					5347988020905F14004F1F43 = {
						CreatedOnToolsVersion = 9.3;
					};
					5347989720905F16004F1F43 = {
						CreatedOnToolsVersion = 9.3;
						TestTargetID = 5347988020905F14004F1F43;
					};
				};
			};
			buildConfigurationList = 5347987C20905F14004F1F43 /* Build configuration list for PBXProject "Movie" */;
			compatibilityVersion = "Xcode 9.3";
			developmentRegion = en;
			hasScannedForEncodings = 0;
			knownRegions = (
				en,
				Base,
			);
			mainGroup = 5347987820905F14004F1F43;
			productRefGroup = 5347988220905F14004F1F43 /* Products */;
			projectDirPath = "";
			projectRoot = "";
			targets = (
				5347988020905F14004F1F43 /* Movie */,
				5347989720905F16004F1F43 /* MovieTests */,
			);
		};
/* End PBXProject section */

/* Begin PBXResourcesBuildPhase section */
		5347987F20905F14004F1F43 /* Resources */ = {
			isa = PBXResourcesBuildPhase;
			buildActionMask = 2147483647;
			files = (
				5347989220905F16004F1F43 /* LaunchScreen.storyboard in Resources */,
				5347988F20905F16004F1F43 /* Assets.xcassets in Resources */,
				5347988A20905F14004F1F43 /* Main.storyboard in Resources */,
			);
			runOnlyForDeploymentPostprocessing = 0;
		};
		5347989620905F16004F1F43 /* Resources */ = {
			isa = PBXResourcesBuildPhase;
			buildActionMask = 2147483647;
			files = (
			);
			runOnlyForDeploymentPostprocessing = 0;
		};
/* End PBXResourcesBuildPhase section */

/* Begin PBXShellScriptBuildPhase section */
		1B18015261E576A6E1C3C433 /* [CP] Check Pods Manifest.lock */ = {
			isa = PBXShellScriptBuildPhase;
			buildActionMask = 2147483647;
			files = (
			);
			inputPaths = (
				"${PODS_PODFILE_DIR_PATH}/Podfile.lock",
				"${PODS_ROOT}/Manifest.lock",
			);
			name = "[CP] Check Pods Manifest.lock";
			outputPaths = (
				"$(DERIVED_FILE_DIR)/Pods-MovieTests-checkManifestLockResult.txt",
			);
			runOnlyForDeploymentPostprocessing = 0;
			shellPath = /bin/sh;
			shellScript = "diff \"${PODS_PODFILE_DIR_PATH}/Podfile.lock\" \"${PODS_ROOT}/Manifest.lock\" > /dev/null\nif [ $? != 0 ] ; then\n    # print error to STDERR\n    echo \"error: The sandbox is not in sync with the Podfile.lock. Run 'pod install' or update your CocoaPods installation.\" >&2\n    exit 1\nfi\n# This output is used by Xcode 'outputs' to avoid re-running this script phase.\necho \"SUCCESS\" > \"${SCRIPT_OUTPUT_FILE_0}\"\n";
			showEnvVarsInLog = 0;
		};
		2ECBB321121DA0A4823E0EF4 /* [CP] Embed Pods Frameworks */ = {
			isa = PBXShellScriptBuildPhase;
			buildActionMask = 2147483647;
			files = (
			);
			inputPaths = (
				"${SRCROOT}/Pods/Target Support Files/Pods-MovieTests/Pods-MovieTests-frameworks.sh",
				"${BUILT_PRODUCTS_DIR}/Nimble/Nimble.framework",
				"${BUILT_PRODUCTS_DIR}/Quick/Quick.framework",
			);
			name = "[CP] Embed Pods Frameworks";
			outputPaths = (
				"${TARGET_BUILD_DIR}/${FRAMEWORKS_FOLDER_PATH}/Nimble.framework",
				"${TARGET_BUILD_DIR}/${FRAMEWORKS_FOLDER_PATH}/Quick.framework",
			);
			runOnlyForDeploymentPostprocessing = 0;
			shellPath = /bin/sh;
			shellScript = "\"${SRCROOT}/Pods/Target Support Files/Pods-MovieTests/Pods-MovieTests-frameworks.sh\"\n";
			showEnvVarsInLog = 0;
		};
		6E0A3B38E003F4C8922194E5 /* [CP] Check Pods Manifest.lock */ = {
			isa = PBXShellScriptBuildPhase;
			buildActionMask = 2147483647;
			files = (
			);
			inputPaths = (
				"${PODS_PODFILE_DIR_PATH}/Podfile.lock",
				"${PODS_ROOT}/Manifest.lock",
			);
			name = "[CP] Check Pods Manifest.lock";
			outputPaths = (
				"$(DERIVED_FILE_DIR)/Pods-Movie-checkManifestLockResult.txt",
			);
			runOnlyForDeploymentPostprocessing = 0;
			shellPath = /bin/sh;
			shellScript = "diff \"${PODS_PODFILE_DIR_PATH}/Podfile.lock\" \"${PODS_ROOT}/Manifest.lock\" > /dev/null\nif [ $? != 0 ] ; then\n    # print error to STDERR\n    echo \"error: The sandbox is not in sync with the Podfile.lock. Run 'pod install' or update your CocoaPods installation.\" >&2\n    exit 1\nfi\n# This output is used by Xcode 'outputs' to avoid re-running this script phase.\necho \"SUCCESS\" > \"${SCRIPT_OUTPUT_FILE_0}\"\n";
			showEnvVarsInLog = 0;
		};
/* End PBXShellScriptBuildPhase section */

/* Begin PBXSourcesBuildPhase section */
		5347987D20905F14004F1F43 /* Sources */ = {
			isa = PBXSourcesBuildPhase;
			buildActionMask = 2147483647;
			files = (
				5305C5002091E68700327E8E /* RecentSearchTableVC.swift in Sources */,
				53F1A68020906F8F00E1E46D /* NetworkEngine.swift in Sources */,
				53F1A6842090976D00E1E46D /* SearchViewController.swift in Sources */,
				53F1A67A20906BD700E1E46D /* MovieListTableVC.swift in Sources */,
				53F1A682209096EC00E1E46D /* ResultModel.swift in Sources */,
				5305E5872094A17200B6C1E6 /* MovieListTableCellViewModel.swift in Sources */,
				53F1A67C20906BF100E1E46D /* MovieListTableViewCell.swift in Sources */,
				5347988520905F14004F1F43 /* AppDelegate.swift in Sources */,
				53F1A67E20906D7900E1E46D /* MovieListViewModel.swift in Sources */,
			);
			runOnlyForDeploymentPostprocessing = 0;
		};
		5347989420905F16004F1F43 /* Sources */ = {
			isa = PBXSourcesBuildPhase;
			buildActionMask = 2147483647;
			files = (
				5347989D20905F16004F1F43 /* MovieTests.swift in Sources */,
			);
			runOnlyForDeploymentPostprocessing = 0;
		};
/* End PBXSourcesBuildPhase section */

/* Begin PBXTargetDependency section */
		5347989A20905F16004F1F43 /* PBXTargetDependency */ = {
			isa = PBXTargetDependency;
			target = 5347988020905F14004F1F43 /* Movie */;
			targetProxy = 5347989920905F16004F1F43 /* PBXContainerItemProxy */;
		};
/* End PBXTargetDependency section */

/* Begin PBXVariantGroup section */
		5347988820905F14004F1F43 /* Main.storyboard */ = {
			isa = PBXVariantGroup;
			children = (
				5347988920905F14004F1F43 /* Base */,
			);
			name = Main.storyboard;
			sourceTree = "<group>";
		};
		5347989020905F16004F1F43 /* LaunchScreen.storyboard */ = {
			isa = PBXVariantGroup;
			children = (
				5347989120905F16004F1F43 /* Base */,
			);
			name = LaunchScreen.storyboard;
			sourceTree = "<group>";
		};
/* End PBXVariantGroup section */

/* Begin XCBuildConfiguration section */
		5347989F20905F16004F1F43 /* Debug */ = {
			isa = XCBuildConfiguration;
			buildSettings = {
				ALWAYS_SEARCH_USER_PATHS = NO;
				CLANG_ANALYZER_NONNULL = YES;
				CLANG_ANALYZER_NUMBER_OBJECT_CONVERSION = YES_AGGRESSIVE;
				CLANG_CXX_LANGUAGE_STANDARD = "gnu++14";
				CLANG_CXX_LIBRARY = "libc++";
				CLANG_ENABLE_MODULES = YES;
				CLANG_ENABLE_OBJC_ARC = YES;
				CLANG_ENABLE_OBJC_WEAK = YES;
				CLANG_WARN_BLOCK_CAPTURE_AUTORELEASING = YES;
				CLANG_WARN_BOOL_CONVERSION = YES;
				CLANG_WARN_COMMA = YES;
				CLANG_WARN_CONSTANT_CONVERSION = YES;
				CLANG_WARN_DEPRECATED_OBJC_IMPLEMENTATIONS = YES;
				CLANG_WARN_DIRECT_OBJC_ISA_USAGE = YES_ERROR;
				CLANG_WARN_DOCUMENTATION_COMMENTS = YES;
				CLANG_WARN_EMPTY_BODY = YES;
				CLANG_WARN_ENUM_CONVERSION = YES;
				CLANG_WARN_INFINITE_RECURSION = YES;
				CLANG_WARN_INT_CONVERSION = YES;
				CLANG_WARN_NON_LITERAL_NULL_CONVERSION = YES;
				CLANG_WARN_OBJC_IMPLICIT_RETAIN_SELF = YES;
				CLANG_WARN_OBJC_LITERAL_CONVERSION = YES;
				CLANG_WARN_OBJC_ROOT_CLASS = YES_ERROR;
				CLANG_WARN_RANGE_LOOP_ANALYSIS = YES;
				CLANG_WARN_STRICT_PROTOTYPES = YES;
				CLANG_WARN_SUSPICIOUS_MOVE = YES;
				CLANG_WARN_UNGUARDED_AVAILABILITY = YES_AGGRESSIVE;
				CLANG_WARN_UNREACHABLE_CODE = YES;
				CLANG_WARN__DUPLICATE_METHOD_MATCH = YES;
				CODE_SIGN_IDENTITY = "iPhone Developer";
				COPY_PHASE_STRIP = NO;
				DEBUG_INFORMATION_FORMAT = dwarf;
				ENABLE_STRICT_OBJC_MSGSEND = YES;
				ENABLE_TESTABILITY = YES;
				GCC_C_LANGUAGE_STANDARD = gnu11;
				GCC_DYNAMIC_NO_PIC = NO;
				GCC_NO_COMMON_BLOCKS = YES;
				GCC_OPTIMIZATION_LEVEL = 0;
				GCC_PREPROCESSOR_DEFINITIONS = (
					"DEBUG=1",
					"$(inherited)",
				);
				GCC_WARN_64_TO_32_BIT_CONVERSION = YES;
				GCC_WARN_ABOUT_RETURN_TYPE = YES_ERROR;
				GCC_WARN_UNDECLARED_SELECTOR = YES;
				GCC_WARN_UNINITIALIZED_AUTOS = YES_AGGRESSIVE;
				GCC_WARN_UNUSED_FUNCTION = YES;
				GCC_WARN_UNUSED_VARIABLE = YES;
				IPHONEOS_DEPLOYMENT_TARGET = 11.3;
				MTL_ENABLE_DEBUG_INFO = YES;
				ONLY_ACTIVE_ARCH = YES;
				SDKROOT = iphoneos;
				SWIFT_ACTIVE_COMPILATION_CONDITIONS = DEBUG;
				SWIFT_OPTIMIZATION_LEVEL = "-Onone";
			};
			name = Debug;
		};
		534798A020905F16004F1F43 /* Release */ = {
			isa = XCBuildConfiguration;
			buildSettings = {
				ALWAYS_SEARCH_USER_PATHS = NO;
				CLANG_ANALYZER_NONNULL = YES;
				CLANG_ANALYZER_NUMBER_OBJECT_CONVERSION = YES_AGGRESSIVE;
				CLANG_CXX_LANGUAGE_STANDARD = "gnu++14";
				CLANG_CXX_LIBRARY = "libc++";
				CLANG_ENABLE_MODULES = YES;
				CLANG_ENABLE_OBJC_ARC = YES;
				CLANG_ENABLE_OBJC_WEAK = YES;
				CLANG_WARN_BLOCK_CAPTURE_AUTORELEASING = YES;
				CLANG_WARN_BOOL_CONVERSION = YES;
				CLANG_WARN_COMMA = YES;
				CLANG_WARN_CONSTANT_CONVERSION = YES;
				CLANG_WARN_DEPRECATED_OBJC_IMPLEMENTATIONS = YES;
				CLANG_WARN_DIRECT_OBJC_ISA_USAGE = YES_ERROR;
				CLANG_WARN_DOCUMENTATION_COMMENTS = YES;
				CLANG_WARN_EMPTY_BODY = YES;
				CLANG_WARN_ENUM_CONVERSION = YES;
				CLANG_WARN_INFINITE_RECURSION = YES;
				CLANG_WARN_INT_CONVERSION = YES;
				CLANG_WARN_NON_LITERAL_NULL_CONVERSION = YES;
				CLANG_WARN_OBJC_IMPLICIT_RETAIN_SELF = YES;
				CLANG_WARN_OBJC_LITERAL_CONVERSION = YES;
				CLANG_WARN_OBJC_ROOT_CLASS = YES_ERROR;
				CLANG_WARN_RANGE_LOOP_ANALYSIS = YES;
				CLANG_WARN_STRICT_PROTOTYPES = YES;
				CLANG_WARN_SUSPICIOUS_MOVE = YES;
				CLANG_WARN_UNGUARDED_AVAILABILITY = YES_AGGRESSIVE;
				CLANG_WARN_UNREACHABLE_CODE = YES;
				CLANG_WARN__DUPLICATE_METHOD_MATCH = YES;
				CODE_SIGN_IDENTITY = "iPhone Developer";
				COPY_PHASE_STRIP = NO;
				DEBUG_INFORMATION_FORMAT = "dwarf-with-dsym";
				ENABLE_NS_ASSERTIONS = NO;
				ENABLE_STRICT_OBJC_MSGSEND = YES;
				GCC_C_LANGUAGE_STANDARD = gnu11;
				GCC_NO_COMMON_BLOCKS = YES;
				GCC_WARN_64_TO_32_BIT_CONVERSION = YES;
				GCC_WARN_ABOUT_RETURN_TYPE = YES_ERROR;
				GCC_WARN_UNDECLARED_SELECTOR = YES;
				GCC_WARN_UNINITIALIZED_AUTOS = YES_AGGRESSIVE;
				GCC_WARN_UNUSED_FUNCTION = YES;
				GCC_WARN_UNUSED_VARIABLE = YES;
				IPHONEOS_DEPLOYMENT_TARGET = 11.3;
				MTL_ENABLE_DEBUG_INFO = NO;
				SDKROOT = iphoneos;
				SWIFT_COMPILATION_MODE = wholemodule;
				SWIFT_OPTIMIZATION_LEVEL = "-O";
				VALIDATE_PRODUCT = YES;
			};
			name = Release;
		};
		534798A220905F16004F1F43 /* Debug */ = {
			isa = XCBuildConfiguration;
			baseConfigurationReference = C9666AFBD84F066402C43774 /* Pods-Movie.debug.xcconfig */;
			buildSettings = {
				ASSETCATALOG_COMPILER_APPICON_NAME = AppIcon;
				CODE_SIGN_STYLE = Automatic;
				INFOPLIST_FILE = Movie/Info.plist;
				LD_RUNPATH_SEARCH_PATHS = "$(inherited) @executable_path/Frameworks";
				PRODUCT_BUNDLE_IDENTIFIER = com..Movie;
				PRODUCT_NAME = "$(TARGET_NAME)";
				SWIFT_VERSION = 4.0;
				TARGETED_DEVICE_FAMILY = "1,2";
			};
			name = Debug;
		};
		534798A320905F16004F1F43 /* Release */ = {
			isa = XCBuildConfiguration;
			baseConfigurationReference = 6FEAF7380F3BFAD6B3AC614D /* Pods-Movie.release.xcconfig */;
			buildSettings = {
				ASSETCATALOG_COMPILER_APPICON_NAME = AppIcon;
				CODE_SIGN_STYLE = Automatic;
				INFOPLIST_FILE = Movie/Info.plist;
				LD_RUNPATH_SEARCH_PATHS = "$(inherited) @executable_path/Frameworks";
				PRODUCT_BUNDLE_IDENTIFIER = com..Movie;
				PRODUCT_NAME = "$(TARGET_NAME)";
				SWIFT_VERSION = 4.0;
				TARGETED_DEVICE_FAMILY = "1,2";
			};
			name = Release;
		};
		534798A520905F16004F1F43 /* Debug */ = {
			isa = XCBuildConfiguration;
			baseConfigurationReference = 84B04A49E6ED7A76E11A4CBF /* Pods-MovieTests.debug.xcconfig */;
			buildSettings = {
				ALWAYS_EMBED_SWIFT_STANDARD_LIBRARIES = YES;
				BUNDLE_LOADER = "$(TEST_HOST)";
				CODE_SIGN_STYLE = Automatic;
				INFOPLIST_FILE = MovieTests/Info.plist;
				LD_RUNPATH_SEARCH_PATHS = "$(inherited) @executable_path/Frameworks @loader_path/Frameworks";
				PRODUCT_BUNDLE_IDENTIFIER = com..MovieTests;
				PRODUCT_NAME = "$(TARGET_NAME)";
				SWIFT_VERSION = 4.0;
				TARGETED_DEVICE_FAMILY = "1,2";
				TEST_HOST = "$(BUILT_PRODUCTS_DIR)/Movie.app/Movie";
			};
			name = Debug;
		};
		534798A620905F16004F1F43 /* Release */ = {
			isa = XCBuildConfiguration;
			baseConfigurationReference = D32875DB744C4A6C1EB47A5C /* Pods-MovieTests.release.xcconfig */;
			buildSettings = {
				ALWAYS_EMBED_SWIFT_STANDARD_LIBRARIES = YES;
				BUNDLE_LOADER = "$(TEST_HOST)";
				CODE_SIGN_STYLE = Automatic;
				INFOPLIST_FILE = MovieTests/Info.plist;
				LD_RUNPATH_SEARCH_PATHS = "$(inherited) @executable_path/Frameworks @loader_path/Frameworks";
				PRODUCT_BUNDLE_IDENTIFIER = com..MovieTests;
				PRODUCT_NAME = "$(TARGET_NAME)";
				SWIFT_VERSION = 4.0;
				TARGETED_DEVICE_FAMILY = "1,2";
				TEST_HOST = "$(BUILT_PRODUCTS_DIR)/Movie.app/Movie";
			};
			name = Release;
		};
/* End XCBuildConfiguration section */

/* Begin XCConfigurationList section */
		5347987C20905F14004F1F43 /* Build configuration list for PBXProject "Movie" */ = {
			isa = XCConfigurationList;
			buildConfigurations = (
				5347989F20905F16004F1F43 /* Debug */,
				534798A020905F16004F1F43 /* Release */,
			);
			defaultConfigurationIsVisible = 0;
			defaultConfigurationName = Release;
		};
		534798A120905F16004F1F43 /* Build configuration list for PBXNativeTarget "Movie" */ = {
			isa = XCConfigurationList;
			buildConfigurations = (
				534798A220905F16004F1F43 /* Debug */,
				534798A320905F16004F1F43 /* Release */,
			);
			defaultConfigurationIsVisible = 0;
			defaultConfigurationName = Release;
		};
		534798A420905F16004F1F43 /* Build configuration list for PBXNativeTarget "MovieTests" */ = {
			isa = XCConfigurationList;
			buildConfigurations = (
				534798A520905F16004F1F43 /* Debug */,
				534798A620905F16004F1F43 /* Release */,
			);
			defaultConfigurationIsVisible = 0;
			defaultConfigurationName = Release;
		};
/* End XCConfigurationList section */
	};
	rootObject = 5347987920905F14004F1F43 /* Project object */;
}
